
Microsoft Visual Studio Solution File, Format Version 12.00
# Visual Studio Version 16
VisualStudioVersion = 16.0.29123.88
MinimumVisualStudioVersion = 10.0.40219.1
Project("{FAE04EC0-301F-11D3-BF4B-00C04F79EFBC}") = "Razor Class Library In ASP.NET Core", "Razor Class Library In ASP.NET Core\Razor Class Library In ASP.NET Core.csproj", "{099B90E7-A0DC-40C7-A533-3D5E3B824E43}"
EndProject
Project("{FAE04EC0-301F-11D3-BF4B-00C04F79EFBC}") = "ViewComponent_EmbeddedViews", "ViewComponent_EmbeddedViews\ViewComponent_EmbeddedViews.csproj", "{05A0FB86-FC62-4494-97B2-488C67922172}"
EndProject
Global
	GlobalSection(SolutionConfigurationPlatforms) = preSolution
		Debug|Any CPU = Debug|Any CPU
		Release|Any CPU = Release|Any CPU
	EndGlobalSection
	GlobalSection(ProjectConfigurationPlatforms) = postSolution
		{099B90E7-A0DC-40C7-A533-3D5E3B824E43}.Debug|Any CPU.ActiveCfg = Debug|Any CPU
		{099B90E7-A0DC-40C7-A533-3D5E3B824E43}.Debug|Any CPU.Build.0 = Debug|Any CPU
		{099B90E7-A0DC-40C7-A533-3D5E3B824E43}.Release|Any CPU.ActiveCfg = Release|Any CPU
		{099B90E7-A0DC-40C7-A533-3D5E3B824E43}.Release|Any CPU.Build.0 = Release|Any CPU
		{05A0FB86-FC62-4494-97B2-488C67922172}.Debug|Any CPU.ActiveCfg = Debug|Any CPU
		{05A0FB86-FC62-4494-97B2-488C67922172}.Debug|Any CPU.Build.0 = Debug|Any CPU
		{05A0FB86-FC62-4494-97B2-488C67922172}.Release|Any CPU.ActiveCfg = Release|Any CPU
		{05A0FB86-FC62-4494-97B2-488C67922172}.Release|Any CPU.Build.0 = Release|Any CPU
	EndGlobalSection
	GlobalSection(SolutionProperties) = preSolution
		HideSolutionNode = FALSE
	EndGlobalSection
	GlobalSection(ExtensibilityGlobals) = postSolution
		SolutionGuid = {7B34DE5A-D47F-4DC2-9899-03F36E7A7668}
	EndGlobalSection
EndGlobal
